// !$*UTF8*$!
{
	archiveVersion = 1;
	classes = {
	};
	objectVersion = 46;
	objects = {

/* Begin PBXBuildFile section */
		04BB269C1D0E178400249908 /* main.m in Sources */ = {isa = PBXBuildFile; fileRef = 04BB269B1D0E178400249908 /* main.m */; };
		04BB269F1D0E178400249908 /* AppDelegate.m in Sources */ = {isa = PBXBuildFile; fileRef = 04BB269E1D0E178400249908 /* AppDelegate.m */; };
		04BB26A21D0E178400249908 /* ViewController.m in Sources */ = {isa = PBXBuildFile; fileRef = 04BB26A11D0E178400249908 /* ViewController.m */; };
		04BB26A51D0E178400249908 /* Main.storyboard in Resources */ = {isa = PBXBuildFile; fileRef = 04BB26A31D0E178400249908 /* Main.storyboard */; };
		04BB26A71D0E178400249908 /* Assets.xcassets in Resources */ = {isa = PBXBuildFile; fileRef = 04BB26A61D0E178400249908 /* Assets.xcassets */; };
		04BB26AA1D0E178400249908 /* LaunchScreen.storyboard in Resources */ = {isa = PBXBuildFile; fileRef = 04BB26A81D0E178400249908 /* LaunchScreen.storyboard */; };
		04BB26B51D0E178400249908 /* __1_8Tests.m in Sources */ = {isa = PBXBuildFile; fileRef = 04BB26B41D0E178400249908 /* __1_8Tests.m */; };
		04BB26C01D0E178400249908 /* __1_8UITests.m in Sources */ = {isa = PBXBuildFile; fileRef = 04BB26BF1D0E178400249908 /* __1_8UITests.m */; };
		04BB26CF1D0E17A600249908 /* DoodleView.m in Sources */ = {isa = PBXBuildFile; fileRef = 04BB26CE1D0E17A600249908 /* DoodleView.m */; };
/* End PBXBuildFile section */

/* Begin PBXContainerItemProxy section */
		04BB26B11D0E178400249908 /* PBXContainerItemProxy */ = {
			isa = PBXContainerItemProxy;
			containerPortal = 04BB268F1D0E178400249908 /* Project object */;
			proxyType = 1;
			remoteGlobalIDString = 04BB26961D0E178400249908;
			remoteInfo = "7-1-8";
		};
		04BB26BC1D0E178400249908 /* PBXContainerItemProxy */ = {
			isa = PBXContainerItemProxy;
			containerPortal = 04BB268F1D0E178400249908 /* Project object */;
			proxyType = 1;
			remoteGlobalIDString = 04BB26961D0E178400249908;
			remoteInfo = "7-1-8";
		};
/* End PBXContainerItemProxy section */

/* Begin PBXFileReference section */
		04BB26971D0E178400249908 /* 7-1-8.app */ = {isa = PBXFileReference; explicitFileType = wrapper.application; includeInIndex = 0; path = "7-1-8.app"; sourceTree = BUILT_PRODUCTS_DIR; };
		04BB269B1D0E178400249908 /* main.m */ = {isa = PBXFileReference; lastKnownFileType = sourcecode.c.objc; path = main.m; sourceTree = "<group>"; };
		04BB269D1D0E178400249908 /* AppDelegate.h */ = {isa = PBXFileReference; lastKnownFileType = sourcecode.c.h; path = AppDelegate.h; sourceTree = "<group>"; };
		04BB269E1D0E178400249908 /* AppDelegate.m */ = {isa = PBXFileReference; lastKnownFileType = sourcecode.c.objc; path = AppDelegate.m; sourceTree = "<group>"; };
		04BB26A01D0E178400249908 /* ViewController.h */ = {isa = PBXFileReference; lastKnownFileType = sourcecode.c.h; path = ViewController.h; sourceTree = "<group>"; };
		04BB26A11D0E178400249908 /* ViewController.m */ = {isa = PBXFileReference; lastKnownFileType = sourcecode.c.objc; path = ViewController.m; sourceTree = "<group>"; };
		04BB26A41D0E178400249908 /* Base */ = {isa = PBXFileReference; lastKnownFileType = file.storyboard; name = Base; path = Base.lproj/Main.storyboard; sourceTree = "<group>"; };
		04BB26A61D0E178400249908 /* Assets.xcassets */ = {isa = PBXFileReference; lastKnownFileType = folder.assetcatalog; path = Assets.xcassets; sourceTree = "<group>"; };
		04BB26A91D0E178400249908 /* Base */ = {isa = PBXFileReference; lastKnownFileType = file.storyboard; name = Base; path = Base.lproj/LaunchScreen.storyboard; sourceTree = "<group>"; };
		04BB26AB1D0E178400249908 /* Info.plist */ = {isa = PBXFileReference; lastKnownFileType = text.plist.xml; path = Info.plist; sourceTree = "<group>"; };
		04BB26B01D0E178400249908 /* 7-1-8Tests.xctest */ = {isa = PBXFileReference; explicitFileType = wrapper.cfbundle; includeInIndex = 0; path = "7-1-8Tests.xctest"; sourceTree = BUILT_PRODUCTS_DIR; };
		04BB26B41D0E178400249908 /* __1_8Tests.m */ = {isa = PBXFileReference; lastKnownFileType = sourcecode.c.objc; path = __1_8Tests.m; sourceTree = "<group>"; };
		04BB26B61D0E178400249908 /* Info.plist */ = {isa = PBXFileReference; lastKnownFileType = text.plist.xml; path = Info.plist; sourceTree = "<group>"; };
		04BB26BB1D0E178400249908 /* 7-1-8UITests.xctest */ = {isa = PBXFileReference; explicitFileType = wrapper.cfbundle; includeInIndex = 0; path = "7-1-8UITests.xctest"; sourceTree = BUILT_PRODUCTS_DIR; };
		04BB26BF1D0E178400249908 /* __1_8UITests.m */ = {isa = PBXFileReference; lastKnownFileType = sourcecode.c.objc; path = __1_8UITests.m; sourceTree = "<group>"; };
		04BB26C11D0E178400249908 /* Info.plist */ = {isa = PBXFileReference; lastKnownFileType = text.plist.xml; path = Info.plist; sourceTree = "<group>"; };
		04BB26CD1D0E17A600249908 /* DoodleView.h */ = {isa = PBXFileReference; fileEncoding = 4; lastKnownFileType = sourcecode.c.h; name = DoodleView.h; path = ../DoodleView.h; sourceTree = "<group>"; };
		04BB26CE1D0E17A600249908 /* DoodleView.m */ = {isa = PBXFileReference; fileEncoding = 4; lastKnownFileType = sourcecode.c.objc; name = DoodleView.m; path = ../DoodleView.m; sourceTree = "<group>"; };
/* End PBXFileReference section */

/* Begin PBXFrameworksBuildPhase section */
		04BB26941D0E178400249908 /* Frameworks */ = {
			isa = PBXFrameworksBuildPhase;
			buildActionMask = 2147483647;
			files = (
			);
			runOnlyForDeploymentPostprocessing = 0;
		};
		04BB26AD1D0E178400249908 /* Frameworks */ = {
			isa = PBXFrameworksBuildPhase;
			buildActionMask = 2147483647;
			files = (
			);
			runOnlyForDeploymentPostprocessing = 0;
		};
		04BB26B81D0E178400249908 /* Frameworks */ = {
			isa = PBXFrameworksBuildPhase;
			buildActionMask = 2147483647;
			files = (
			);
			runOnlyForDeploymentPostprocessing = 0;
		};
/* End PBXFrameworksBuildPhase section */

/* Begin PBXGroup section */
		04BB268E1D0E178400249908 = {
			isa = PBXGroup;
			children = (
				04BB26991D0E178400249908 /* 7-1-8 */,
				04BB26B31D0E178400249908 /* 7-1-8Tests */,
				04BB26BE1D0E178400249908 /* 7-1-8UITests */,
				04BB26981D0E178400249908 /* Products */,
			);
			sourceTree = "<group>";
		};
		04BB26981D0E178400249908 /* Products */ = {
			isa = PBXGroup;
			children = (
				04BB26971D0E178400249908 /* 7-1-8.app */,
				04BB26B01D0E178400249908 /* 7-1-8Tests.xctest */,
				04BB26BB1D0E178400249908 /* 7-1-8UITests.xctest */,
			);
			name = Products;
			sourceTree = "<group>";
		};
		04BB26991D0E178400249908 /* 7-1-8 */ = {
			isa = PBXGroup;
			children = (
				04BB269D1D0E178400249908 /* AppDelegate.h */,
				04BB269E1D0E178400249908 /* AppDelegate.m */,
				04BB26A01D0E178400249908 /* ViewController.h */,
				04BB26A11D0E178400249908 /* ViewController.m */,
				04BB26CD1D0E17A600249908 /* DoodleView.h */,
				04BB26CE1D0E17A600249908 /* DoodleView.m */,
				04BB26A31D0E178400249908 /* Main.storyboard */,
				04BB26A61D0E178400249908 /* Assets.xcassets */,
				04BB26A81D0E178400249908 /* LaunchScreen.storyboard */,
				04BB26AB1D0E178400249908 /* Info.plist */,
				04BB269A1D0E178400249908 /* Supporting Files */,
			);
			path = "7-1-8";
			sourceTree = "<group>";
		};
		04BB269A1D0E178400249908 /* Supporting Files */ = {
			isa = PBXGroup;
			children = (
				04BB269B1D0E178400249908 /* main.m */,
			);
			name = "Supporting Files";
			sourceTree = "<group>";
		};
		04BB26B31D0E178400249908 /* 7-1-8Tests */ = {
			isa = PBXGroup;
			children = (
				04BB26B41D0E178400249908 /* __1_8Tests.m */,
				04BB26B61D0E178400249908 /* Info.plist */,
			);
			path = "7-1-8Tests";
			sourceTree = "<group>";
		};
		04BB26BE1D0E178400249908 /* 7-1-8UITests */ = {
			isa = PBXGroup;
			children = (
				04BB26BF1D0E178400249908 /* __1_8UITests.m */,
				04BB26C11D0E178400249908 /* Info.plist */,
			);
			path = "7-1-8UITests";
			sourceTree = "<group>";
		};
/* End PBXGroup section */

/* Begin PBXNativeTarget section */
		04BB26961D0E178400249908 /* 7-1-8 */ = {
			isa = PBXNativeTarget;
			buildConfigurationList = 04BB26C41D0E178400249908 /* Build configuration list for PBXNativeTarget "7-1-8" */;
			buildPhases = (
				04BB26931D0E178400249908 /* Sources */,
				04BB26941D0E178400249908 /* Frameworks */,
				04BB26951D0E178400249908 /* Resources */,
			);
			buildRules = (
			);
			dependencies = (
			);
			name = "7-1-8";
			productName = "7-1-8";
			productReference = 04BB26971D0E178400249908 /* 7-1-8.app */;
			productType = "com.apple.product-type.application";
		};
		04BB26AF1D0E178400249908 /* 7-1-8Tests */ = {
			isa = PBXNativeTarget;
			buildConfigurationList = 04BB26C71D0E178400249908 /* Build configuration list for PBXNativeTarget "7-1-8Tests" */;
			buildPhases = (
				04BB26AC1D0E178400249908 /* Sources */,
				04BB26AD1D0E178400249908 /* Frameworks */,
				04BB26AE1D0E178400249908 /* Resources */,
			);
			buildRules = (
			);
			dependencies = (
				04BB26B21D0E178400249908 /* PBXTargetDependency */,
			);
			name = "7-1-8Tests";
			productName = "7-1-8Tests";
			productReference = 04BB26B01D0E178400249908 /* 7-1-8Tests.xctest */;
			productType = "com.apple.product-type.bundle.unit-test";
		};
		04BB26BA1D0E178400249908 /* 7-1-8UITests */ = {
			isa = PBXNativeTarget;
			buildConfigurationList = 04BB26CA1D0E178400249908 /* Build configuration list for PBXNativeTarget "7-1-8UITests" */;
			buildPhases = (
				04BB26B71D0E178400249908 /* Sources */,
				04BB26B81D0E178400249908 /* Frameworks */,
				04BB26B91D0E178400249908 /* Resources */,
			);
			buildRules = (
			);
			dependencies = (
				04BB26BD1D0E178400249908 /* PBXTargetDependency */,
			);
			name = "7-1-8UITests";
			productName = "7-1-8UITests";
			productReference = 04BB26BB1D0E178400249908 /* 7-1-8UITests.xctest */;
			productType = "com.apple.product-type.bundle.ui-testing";
		};
/* End PBXNativeTarget section */

/* Begin PBXProject section */
		04BB268F1D0E178400249908 /* Project object */ = {
			isa = PBXProject;
			attributes = {
				LastUpgradeCheck = 0720;
				ORGANIZATIONNAME = "田子瑶";
				TargetAttributes = {
					04BB26961D0E178400249908 = {
						CreatedOnToolsVersion = 7.2.1;
					};
					04BB26AF1D0E178400249908 = {
						CreatedOnToolsVersion = 7.2.1;
						TestTargetID = 04BB26961D0E178400249908;
					};
					04BB26BA1D0E178400249908 = {
						CreatedOnToolsVersion = 7.2.1;
						TestTargetID = 04BB26961D0E178400249908;
					};
				};
			};
			buildConfigurationList = 04BB26921D0E178400249908 /* Build configuration list for PBXProject "7-1-8" */;
			compatibilityVersion = "Xcode 3.2";
			developmentRegion = English;
			hasScannedForEncodings = 0;
			knownRegions = (
				en,
				Base,
			);
			mainGroup = 04BB268E1D0E178400249908;
			productRefGroup = 04BB26981D0E178400249908 /* Products */;
			projectDirPath = "";
			projectRoot = "";
			targets = (
				04BB26961D0E178400249908 /* 7-1-8 */,
				04BB26AF1D0E178400249908 /* 7-1-8Tests */,
				04BB26BA1D0E178400249908 /* 7-1-8UITests */,
			);
		};
/* End PBXProject section */

/* Begin PBXResourcesBuildPhase section */
		04BB26951D0E178400249908 /* Resources */ = {
			isa = PBXResourcesBuildPhase;
			buildActionMask = 2147483647;
			files = (
				04BB26AA1D0E178400249908 /* LaunchScreen.storyboard in Resources */,
				04BB26A71D0E178400249908 /* Assets.xcassets in Resources */,
				04BB26A51D0E178400249908 /* Main.storyboard in Resources */,
			);
			runOnlyForDeploymentPostprocessing = 0;
		};
		04BB26AE1D0E178400249908 /* Resources */ = {
			isa = PBXResourcesBuildPhase;
			buildActionMask = 2147483647;
			files = (
			);
			runOnlyForDeploymentPostprocessing = 0;
		};
		04BB26B91D0E178400249908 /* Resources */ = {
			isa = PBXResourcesBuildPhase;
			buildActionMask = 2147483647;
			files = (
			);
			runOnlyForDeploymentPostprocessing = 0;
		};
/* End PBXResourcesBuildPhase section */

/* Begin PBXSourcesBuildPhase section */
		04BB26931D0E178400249908 /* Sources */ = {
			isa = PBXSourcesBuildPhase;
			buildActionMask = 2147483647;
			files = (
				04BB26A21D0E178400249908 /* ViewController.m in Sources */,
				04BB26CF1D0E17A600249908 /* DoodleView.m in Sources */,
				04BB269F1D0E178400249908 /* AppDelegate.m in Sources */,
				04BB269C1D0E178400249908 /* main.m in Sources */,
			);
			runOnlyForDeploymentPostprocessing = 0;
		};
		04BB26AC1D0E178400249908 /* Sources */ = {
			isa = PBXSourcesBuildPhase;
			buildActionMask = 2147483647;
			files = (
				04BB26B51D0E178400249908 /* __1_8Tests.m in Sources */,
			);
			runOnlyForDeploymentPostprocessing = 0;
		};
		04BB26B71D0E178400249908 /* Sources */ = {
			isa = PBXSourcesBuildPhase;
			buildActionMask = 2147483647;
			files = (
				04BB26C01D0E178400249908 /* __1_8UITests.m in Sources */,
			);
			runOnlyForDeploymentPostprocessing = 0;
		};
/* End PBXSourcesBuildPhase section */

/* Begin PBXTargetDependency section */
		04BB26B21D0E178400249908 /* PBXTargetDependency */ = {
			isa = PBXTargetDependency;
			target = 04BB26961D0E178400249908 /* 7-1-8 */;
			targetProxy = 04BB26B11D0E178400249908 /* PBXContainerItemProxy */;
		};
		04BB26BD1D0E178400249908 /* PBXTargetDependency */ = {
			isa = PBXTargetDependency;
			target = 04BB26961D0E178400249908 /* 7-1-8 */;
			targetProxy = 04BB26BC1D0E178400249908 /* PBXContainerItemProxy */;
		};
/* End PBXTargetDependency section */

/* Begin PBXVariantGroup section */
		04BB26A31D0E178400249908 /* Main.storyboard */ = {
			isa = PBXVariantGroup;
			children = (
				04BB26A41D0E178400249908 /* Base */,
			);
			name = Main.storyboard;
			sourceTree = "<group>";
		};
		04BB26A81D0E178400249908 /* LaunchScreen.storyboard */ = {
			isa = PBXVariantGroup;
			children = (
				04BB26A91D0E178400249908 /* Base */,
			);
			name = LaunchScreen.storyboard;
			sourceTree = "<group>";
		};
/* End PBXVariantGroup section */

/* Begin XCBuildConfiguration section */
		04BB26C21D0E178400249908 /* Debug */ = {
			isa = XCBuildConfiguration;
			buildSettings = {
				ALWAYS_SEARCH_USER_PATHS = NO;
				CLANG_CXX_LANGUAGE_STANDARD = "gnu++0x";
				CLANG_CXX_LIBRARY = "libc++";
				CLANG_ENABLE_MODULES = YES;
				CLANG_ENABLE_OBJC_ARC = YES;
				CLANG_WARN_BOOL_CONVERSION = YES;
				CLANG_WARN_CONSTANT_CONVERSION = YES;
				CLANG_WARN_DIRECT_OBJC_ISA_USAGE = YES_ERROR;
				CLANG_WARN_EMPTY_BODY = YES;
				CLANG_WARN_ENUM_CONVERSION = YES;
				CLANG_WARN_INT_CONVERSION = YES;
				CLANG_WARN_OBJC_ROOT_CLASS = YES_ERROR;
				CLANG_WARN_UNREACHABLE_CODE = YES;
				CLANG_WARN__DUPLICATE_METHOD_MATCH = YES;
				"CODE_SIGN_IDENTITY[sdk=iphoneos*]" = "iPhone Developer";
				COPY_PHASE_STRIP = NO;
				DEBUG_INFORMATION_FORMAT = dwarf;
				ENABLE_STRICT_OBJC_MSGSEND = YES;
				ENABLE_TESTABILITY = YES;
				GCC_C_LANGUAGE_STANDARD = gnu99;
				GCC_DYNAMIC_NO_PIC = NO;
				GCC_NO_COMMON_BLOCKS = YES;
				GCC_OPTIMIZATION_LEVEL = 0;
				GCC_PREPROCESSOR_DEFINITIONS = (
					"DEBUG=1",
					"$(inherited)",
				);
				GCC_WARN_64_TO_32_BIT_CONVERSION = YES;
				GCC_WARN_ABOUT_RETURN_TYPE = YES_ERROR;
				GCC_WARN_UNDECLARED_SELECTOR = YES;
				GCC_WARN_UNINITIALIZED_AUTOS = YES_AGGRESSIVE;
				GCC_WARN_UNUSED_FUNCTION = YES;
				GCC_WARN_UNUSED_VARIABLE = YES;
				IPHONEOS_DEPLOYMENT_TARGET = 9.2;
				MTL_ENABLE_DEBUG_INFO = YES;
				ONLY_ACTIVE_ARCH = YES;
				SDKROOT = iphoneos;
			};
			name = Debug;
		};
		04BB26C31D0E178400249908 /* Release */ = {
			isa = XCBuildConfiguration;
			buildSettings = {
				ALWAYS_SEARCH_USER_PATHS = NO;
				CLANG_CXX_LANGUAGE_STANDARD = "gnu++0x";
				CLANG_CXX_LIBRARY = "libc++";
				CLANG_ENABLE_MODULES = YES;
				CLANG_ENABLE_OBJC_ARC = YES;
				CLANG_WARN_BOOL_CONVERSION = YES;
				CLANG_WARN_CONSTANT_CONVERSION = YES;
				CLANG_WARN_DIRECT_OBJC_ISA_USAGE = YES_ERROR;
				CLANG_WARN_EMPTY_BODY = YES;
				CLANG_WARN_ENUM_CONVERSION = YES;
				CLANG_WARN_INT_CONVERSION = YES;
				CLANG_WARN_OBJC_ROOT_CLASS = YES_ERROR;
				CLANG_WARN_UNREACHABLE_CODE = YES;
				CLANG_WARN__DUPLICATE_METHOD_MATCH = YES;
				"CODE_SIGN_IDENTITY[sdk=iphoneos*]" = "iPhone Developer";
				COPY_PHASE_STRIP = NO;
				DEBUG_INFORMATION_FORMAT = "dwarf-with-dsym";
				ENABLE_NS_ASSERTIONS = NO;
				ENABLE_STRICT_OBJC_MSGSEND = YES;
				GCC_C_LANGUAGE_STANDARD = gnu99;
				GCC_NO_COMMON_BLOCKS = YES;
				GCC_WARN_64_TO_32_BIT_CONVERSION = YES;
				GCC_WARN_ABOUT_RETURN_TYPE = YES_ERROR;
				GCC_WARN_UNDECLARED_SELECTOR = YES;
				GCC_WARN_UNINITIALIZED_AUTOS = YES_AGGRESSIVE;
				GCC_WARN_UNUSED_FUNCTION = YES;
				GCC_WARN_UNUSED_VARIABLE = YES;
				IPHONEOS_DEPLOYMENT_TARGET = 9.2;
				MTL_ENABLE_DEBUG_INFO = NO;
				SDKROOT = iphoneos;
				VALIDATE_PRODUCT = YES;
			};
			name = Release;
		};
		04BB26C51D0E178400249908 /* Debug */ = {
			isa = XCBuildConfiguration;
			buildSettings = {
				ASSETCATALOG_COMPILER_APPICON_NAME = AppIcon;
				INFOPLIST_FILE = "7-1-8/Info.plist";
				LD_RUNPATH_SEARCH_PATHS = "$(inherited) @executable_path/Frameworks";
				PRODUCT_BUNDLE_IDENTIFIER = "com.jike..--1-8";
				PRODUCT_NAME = "$(TARGET_NAME)";
			};
			name = Debug;
		};
		04BB26C61D0E178400249908 /* Release */ = {
			isa = XCBuildConfiguration;
			buildSettings = {
				ASSETCATALOG_COMPILER_APPICON_NAME = AppIcon;
				INFOPLIST_FILE = "7-1-8/Info.plist";
				LD_RUNPATH_SEARCH_PATHS = "$(inherited) @executable_path/Frameworks";
				PRODUCT_BUNDLE_IDENTIFIER = "com.jike..--1-8";
				PRODUCT_NAME = "$(TARGET_NAME)";
			};
			name = Release;
		};
		04BB26C81D0E178400249908 /* Debug */ = {
			isa = XCBuildConfiguration;
			buildSettings = {
				BUNDLE_LOADER = "$(TEST_HOST)";
				INFOPLIST_FILE = "7-1-8Tests/Info.plist";
				LD_RUNPATH_SEARCH_PATHS = "$(inherited) @executable_path/Frameworks @loader_path/Frameworks";
				PRODUCT_BUNDLE_IDENTIFIER = "com.jike..--1-8Tests";
				PRODUCT_NAME = "$(TARGET_NAME)";
				TEST_HOST = "$(BUILT_PRODUCTS_DIR)/7-1-8.app/7-1-8";
			};
			name = Debug;
		};
		04BB26C91D0E178400249908 /* Release */ = {
			isa = XCBuildConfiguration;
			buildSettings = {
				BUNDLE_LOADER = "$(TEST_HOST)";
				INFOPLIST_FILE = "7-1-8Tests/Info.plist";
				LD_RUNPATH_SEARCH_PATHS = "$(inherited) @executable_path/Frameworks @loader_path/Frameworks";
				PRODUCT_BUNDLE_IDENTIFIER = "com.jike..--1-8Tests";
				PRODUCT_NAME = "$(TARGET_NAME)";
				TEST_HOST = "$(BUILT_PRODUCTS_DIR)/7-1-8.app/7-1-8";
			};
			name = Release;
		};
		04BB26CB1D0E178400249908 /* Debug */ = {
			isa = XCBuildConfiguration;
			buildSettings = {
				INFOPLIST_FILE = "7-1-8UITests/Info.plist";
				LD_RUNPATH_SEARCH_PATHS = "$(inherited) @executable_path/Frameworks @loader_path/Frameworks";
				PRODUCT_BUNDLE_IDENTIFIER = "com.jike..--1-8UITests";
				PRODUCT_NAME = "$(TARGET_NAME)";
				TEST_TARGET_NAME = "7-1-8";
				USES_XCTRUNNER = YES;
			};
			name = Debug;
		};
		04BB26CC1D0E178400249908 /* Release */ = {
			isa = XCBuildConfiguration;
			buildSettings = {
				INFOPLIST_FILE = "7-1-8UITests/Info.plist";
				LD_RUNPATH_SEARCH_PATHS = "$(inherited) @executable_path/Frameworks @loader_path/Frameworks";
				PRODUCT_BUNDLE_IDENTIFIER = "com.jike..--1-8UITests";
				PRODUCT_NAME = "$(TARGET_NAME)";
				TEST_TARGET_NAME = "7-1-8";
				USES_XCTRUNNER = YES;
			};
			name = Release;
		};
/* End XCBuildConfiguration section */

/* Begin XCConfigurationList section */
		04BB26921D0E178400249908 /* Build configuration list for PBXProject "7-1-8" */ = {
			isa = XCConfigurationList;
			buildConfigurations = (
				04BB26C21D0E178400249908 /* Debug */,
				04BB26C31D0E178400249908 /* Release */,
			);
			defaultConfigurationIsVisible = 0;
			defaultConfigurationName = Release;
		};
		04BB26C41D0E178400249908 /* Build configuration list for PBXNativeTarget "7-1-8" */ = {
			isa = XCConfigurationList;
			buildConfigurations = (
				04BB26C51D0E178400249908 /* Debug */,
				04BB26C61D0E178400249908 /* Release */,
			);
			defaultConfigurationIsVisible = 0;
		};
		04BB26C71D0E178400249908 /* Build configuration list for PBXNativeTarget "7-1-8Tests" */ = {
			isa = XCConfigurationList;
			buildConfigurations = (
				04BB26C81D0E178400249908 /* Debug */,
				04BB26C91D0E178400249908 /* Release */,
			);
			defaultConfigurationIsVisible = 0;
		};
		04BB26CA1D0E178400249908 /* Build configuration list for PBXNativeTarget "7-1-8UITests" */ = {
			isa = XCConfigurationList;
			buildConfigurations = (
				04BB26CB1D0E178400249908 /* Debug */,
				04BB26CC1D0E178400249908 /* Release */,
			);
			defaultConfigurationIsVisible = 0;
		};
/* End XCConfigurationList section */
	};
	rootObject = 04BB268F1D0E178400249908 /* Project object */;
}
